
Microsoft Visual Studio Solution File, Format Version 12.00
# Visual Studio 2013
VisualStudioVersion = 12.0.30110.0
MinimumVisualStudioVersion = 10.0.40219.1
Project("{FAE04EC0-301F-11D3-BF4B-00C04F79EFBC}") = "MongoImport", "MongoImport\MongoImport.csproj", "{4D7E635F-E90F-4A86-A154-7CE88E72A91C}"
EndProject
Project("{FAE04EC0-301F-11D3-BF4B-00C04F79EFBC}") = "MongoImport.Tests", "MongoImport.Tests\MongoImport.Tests.csproj", "{CC96DD4D-CAC8-435A-BFA9-D27885FD6E6C}"
EndProject
Project("{2150E333-8FDC-42A3-9474-1A3956D46DE8}") = "Solution", "Solution", "{52AFD40A-FAC3-4653-825A-F2254445D80E}"
	ProjectSection(SolutionItems) = preProject
		..\.gitattributes = ..\.gitattributes
		..\.gitignore = ..\.gitignore
		..\LICENSE = ..\LICENSE
		..\README.md = ..\README.md
	EndProjectSection
EndProject
Project("{FAE04EC0-301F-11D3-BF4B-00C04F79EFBC}") = "MongoExport", "MongoExport\MongoExport.csproj", "{44D4A5EA-C7B9-4292-AC5B-90B6CB163AE2}"
EndProject
Project("{FAE04EC0-301F-11D3-BF4B-00C04F79EFBC}") = "MongoExport.Tests", "MongoExport.Tests\MongoExport.Tests.csproj", "{7D6033F5-F152-4EF9-A6C6-7C3AD75A2059}"
EndProject
Global
	GlobalSection(SolutionConfigurationPlatforms) = preSolution
		Debug|Any CPU = Debug|Any CPU
		Release|Any CPU = Release|Any CPU
	EndGlobalSection
	GlobalSection(ProjectConfigurationPlatforms) = postSolution
		{4D7E635F-E90F-4A86-A154-7CE88E72A91C}.Debug|Any CPU.ActiveCfg = Debug|Any CPU
		{4D7E635F-E90F-4A86-A154-7CE88E72A91C}.Debug|Any CPU.Build.0 = Debug|Any CPU
		{4D7E635F-E90F-4A86-A154-7CE88E72A91C}.Release|Any CPU.ActiveCfg = Release|Any CPU
		{4D7E635F-E90F-4A86-A154-7CE88E72A91C}.Release|Any CPU.Build.0 = Release|Any CPU
		{CC96DD4D-CAC8-435A-BFA9-D27885FD6E6C}.Debug|Any CPU.ActiveCfg = Debug|Any CPU
		{CC96DD4D-CAC8-435A-BFA9-D27885FD6E6C}.Debug|Any CPU.Build.0 = Debug|Any CPU
		{CC96DD4D-CAC8-435A-BFA9-D27885FD6E6C}.Release|Any CPU.ActiveCfg = Release|Any CPU
		{CC96DD4D-CAC8-435A-BFA9-D27885FD6E6C}.Release|Any CPU.Build.0 = Release|Any CPU
		{44D4A5EA-C7B9-4292-AC5B-90B6CB163AE2}.Debug|Any CPU.ActiveCfg = Debug|Any CPU
		{44D4A5EA-C7B9-4292-AC5B-90B6CB163AE2}.Debug|Any CPU.Build.0 = Debug|Any CPU
		{44D4A5EA-C7B9-4292-AC5B-90B6CB163AE2}.Release|Any CPU.ActiveCfg = Release|Any CPU
		{44D4A5EA-C7B9-4292-AC5B-90B6CB163AE2}.Release|Any CPU.Build.0 = Release|Any CPU
		{7D6033F5-F152-4EF9-A6C6-7C3AD75A2059}.Debug|Any CPU.ActiveCfg = Debug|Any CPU
		{7D6033F5-F152-4EF9-A6C6-7C3AD75A2059}.Debug|Any CPU.Build.0 = Debug|Any CPU
		{7D6033F5-F152-4EF9-A6C6-7C3AD75A2059}.Release|Any CPU.ActiveCfg = Release|Any CPU
		{7D6033F5-F152-4EF9-A6C6-7C3AD75A2059}.Release|Any CPU.Build.0 = Release|Any CPU
	EndGlobalSection
	GlobalSection(SolutionProperties) = preSolution
		HideSolutionNode = FALSE
	EndGlobalSection
EndGlobal
